// !$*UTF8*$!
{
	archiveVersion = 1;
	classes = {
	};
	objectVersion = 56;
	objects = {

/* Begin PBXBuildFile section */
		94E676A429DD39760083EFA0 /* main.cpp in Sources */ = {isa = PBXBuildFile; fileRef = 94E676A329DD39760083EFA0 /* main.cpp */; };
		94E676AC29DD39FE0083EFA0 /* SDL2.framework in Frameworks */ = {isa = PBXBuildFile; fileRef = 94E676AB29DD39FE0083EFA0 /* SDL2.framework */; };
		94E676AF29DD459F0083EFA0 /* game.cpp in Sources */ = {isa = PBXBuildFile; fileRef = 94E676AD29DD459F0083EFA0 /* game.cpp */; };
		94E676B229DE6F910083EFA0 /* grapple.cpp in Sources */ = {isa = PBXBuildFile; fileRef = 94E676B029DE6F910083EFA0 /* grapple.cpp */; };
		94E676B529DE70D50083EFA0 /* level.cpp in Sources */ = {isa = PBXBuildFile; fileRef = 94E676B329DE70D50083EFA0 /* level.cpp */; };
		94E676B829DE74A00083EFA0 /* player.cpp in Sources */ = {isa = PBXBuildFile; fileRef = 94E676B629DE74A00083EFA0 /* player.cpp */; };
		94E676BB29EA64EB0083EFA0 /* controls.cpp in Sources */ = {isa = PBXBuildFile; fileRef = 94E676B929EA64EB0083EFA0 /* controls.cpp */; };
/* End PBXBuildFile section */

/* Begin PBXCopyFilesBuildPhase section */
		94E6769E29DD39760083EFA0 /* CopyFiles */ = {
			isa = PBXCopyFilesBuildPhase;
			buildActionMask = 2147483647;
			dstPath = /usr/share/man/man1/;
			dstSubfolderSpec = 0;
			files = (
			);
			runOnlyForDeploymentPostprocessing = 1;
		};
/* End PBXCopyFilesBuildPhase section */

/* Begin PBXFileReference section */
		94E676A029DD39760083EFA0 /* UmiharaKawaseRopePhysics */ = {isa = PBXFileReference; explicitFileType = "compiled.mach-o.executable"; includeInIndex = 0; path = UmiharaKawaseRopePhysics; sourceTree = BUILT_PRODUCTS_DIR; };
		94E676A329DD39760083EFA0 /* main.cpp */ = {isa = PBXFileReference; lastKnownFileType = sourcecode.cpp.cpp; path = main.cpp; sourceTree = "<group>"; };
		94E676AB29DD39FE0083EFA0 /* SDL2.framework */ = {isa = PBXFileReference; lastKnownFileType = wrapper.framework; name = SDL2.framework; path = ../../../../../../Library/Frameworks/SDL2.framework; sourceTree = "<group>"; };
		94E676AD29DD459F0083EFA0 /* game.cpp */ = {isa = PBXFileReference; lastKnownFileType = sourcecode.cpp.cpp; path = game.cpp; sourceTree = "<group>"; };
		94E676AE29DD459F0083EFA0 /* game.hpp */ = {isa = PBXFileReference; lastKnownFileType = sourcecode.cpp.h; path = game.hpp; sourceTree = "<group>"; };
		94E676B029DE6F910083EFA0 /* grapple.cpp */ = {isa = PBXFileReference; lastKnownFileType = sourcecode.cpp.cpp; path = grapple.cpp; sourceTree = "<group>"; };
		94E676B129DE6F910083EFA0 /* grapple.hpp */ = {isa = PBXFileReference; lastKnownFileType = sourcecode.cpp.h; path = grapple.hpp; sourceTree = "<group>"; };
		94E676B329DE70D50083EFA0 /* level.cpp */ = {isa = PBXFileReference; lastKnownFileType = sourcecode.cpp.cpp; path = level.cpp; sourceTree = "<group>"; };
		94E676B429DE70D50083EFA0 /* level.hpp */ = {isa = PBXFileReference; lastKnownFileType = sourcecode.cpp.h; path = level.hpp; sourceTree = "<group>"; };
		94E676B629DE74A00083EFA0 /* player.cpp */ = {isa = PBXFileReference; lastKnownFileType = sourcecode.cpp.cpp; path = player.cpp; sourceTree = "<group>"; };
		94E676B729DE74A00083EFA0 /* player.hpp */ = {isa = PBXFileReference; lastKnownFileType = sourcecode.cpp.h; path = player.hpp; sourceTree = "<group>"; };
		94E676B929EA64EB0083EFA0 /* controls.cpp */ = {isa = PBXFileReference; lastKnownFileType = sourcecode.cpp.cpp; path = controls.cpp; sourceTree = "<group>"; };
		94E676BA29EA64EB0083EFA0 /* controls.hpp */ = {isa = PBXFileReference; lastKnownFileType = sourcecode.cpp.h; path = controls.hpp; sourceTree = "<group>"; };
/* End PBXFileReference section */

/* Begin PBXFrameworksBuildPhase section */
		94E6769D29DD39760083EFA0 /* Frameworks */ = {
			isa = PBXFrameworksBuildPhase;
			buildActionMask = 2147483647;
			files = (
				94E676AC29DD39FE0083EFA0 /* SDL2.framework in Frameworks */,
			);
			runOnlyForDeploymentPostprocessing = 0;
		};
/* End PBXFrameworksBuildPhase section */

/* Begin PBXGroup section */
		94E6769729DD39750083EFA0 = {
			isa = PBXGroup;
			children = (
				94E676A229DD39760083EFA0 /* UmiharaKawaseRopePhysics */,
				94E676A129DD39760083EFA0 /* Products */,
				94E676AA29DD39FE0083EFA0 /* Frameworks */,
			);
			sourceTree = "<group>";
		};
		94E676A129DD39760083EFA0 /* Products */ = {
			isa = PBXGroup;
			children = (
				94E676A029DD39760083EFA0 /* UmiharaKawaseRopePhysics */,
			);
			name = Products;
			sourceTree = "<group>";
		};
		94E676A229DD39760083EFA0 /* UmiharaKawaseRopePhysics */ = {
			isa = PBXGroup;
			children = (
				94E676A329DD39760083EFA0 /* main.cpp */,
				94E676AD29DD459F0083EFA0 /* game.cpp */,
				94E676AE29DD459F0083EFA0 /* game.hpp */,
				94E676B029DE6F910083EFA0 /* grapple.cpp */,
				94E676B129DE6F910083EFA0 /* grapple.hpp */,
				94E676B329DE70D50083EFA0 /* level.cpp */,
				94E676B429DE70D50083EFA0 /* level.hpp */,
				94E676B629DE74A00083EFA0 /* player.cpp */,
				94E676B729DE74A00083EFA0 /* player.hpp */,
				94E676B929EA64EB0083EFA0 /* controls.cpp */,
				94E676BA29EA64EB0083EFA0 /* controls.hpp */,
			);
			path = UmiharaKawaseRopePhysics;
			sourceTree = "<group>";
		};
		94E676AA29DD39FE0083EFA0 /* Frameworks */ = {
			isa = PBXGroup;
			children = (
				94E676AB29DD39FE0083EFA0 /* SDL2.framework */,
			);
			name = Frameworks;
			sourceTree = "<group>";
		};
/* End PBXGroup section */

/* Begin PBXNativeTarget section */
		94E6769F29DD39760083EFA0 /* UmiharaKawaseRopePhysics */ = {
			isa = PBXNativeTarget;
			buildConfigurationList = 94E676A729DD39760083EFA0 /* Build configuration list for PBXNativeTarget "UmiharaKawaseRopePhysics" */;
			buildPhases = (
				94E6769C29DD39760083EFA0 /* Sources */,
				94E6769D29DD39760083EFA0 /* Frameworks */,
				94E6769E29DD39760083EFA0 /* CopyFiles */,
			);
			buildRules = (
			);
			dependencies = (
			);
			name = UmiharaKawaseRopePhysics;
			productName = UmiharaKawaseRopePhysics;
			productReference = 94E676A029DD39760083EFA0 /* UmiharaKawaseRopePhysics */;
			productType = "com.apple.product-type.tool";
		};
/* End PBXNativeTarget section */

/* Begin PBXProject section */
		94E6769829DD39750083EFA0 /* Project object */ = {
			isa = PBXProject;
			attributes = {
				BuildIndependentTargetsInParallel = 1;
				LastUpgradeCheck = 1430;
				TargetAttributes = {
					94E6769F29DD39760083EFA0 = {
						CreatedOnToolsVersion = 14.3;
					};
				};
			};
			buildConfigurationList = 94E6769B29DD39750083EFA0 /* Build configuration list for PBXProject "UmiharaKawaseRopePhysics" */;
			compatibilityVersion = "Xcode 14.0";
			developmentRegion = en;
			hasScannedForEncodings = 0;
			knownRegions = (
				en,
				Base,
			);
			mainGroup = 94E6769729DD39750083EFA0;
			productRefGroup = 94E676A129DD39760083EFA0 /* Products */;
			projectDirPath = "";
			projectRoot = "";
			targets = (
				94E6769F29DD39760083EFA0 /* UmiharaKawaseRopePhysics */,
			);
		};
/* End PBXProject section */

/* Begin PBXSourcesBuildPhase section */
		94E6769C29DD39760083EFA0 /* Sources */ = {
			isa = PBXSourcesBuildPhase;
			buildActionMask = 2147483647;
			files = (
				94E676B229DE6F910083EFA0 /* grapple.cpp in Sources */,
				94E676B829DE74A00083EFA0 /* player.cpp in Sources */,
				94E676A429DD39760083EFA0 /* main.cpp in Sources */,
				94E676B529DE70D50083EFA0 /* level.cpp in Sources */,
				94E676AF29DD459F0083EFA0 /* game.cpp in Sources */,
				94E676BB29EA64EB0083EFA0 /* controls.cpp in Sources */,
			);
			runOnlyForDeploymentPostprocessing = 0;
		};
/* End PBXSourcesBuildPhase section */

/* Begin XCBuildConfiguration section */
		94E676A529DD39760083EFA0 /* Debug */ = {
			isa = XCBuildConfiguration;
			buildSettings = {
				ALWAYS_SEARCH_USER_PATHS = NO;
				CLANG_ANALYZER_NONNULL = YES;
				CLANG_ANALYZER_NUMBER_OBJECT_CONVERSION = YES_AGGRESSIVE;
				CLANG_CXX_LANGUAGE_STANDARD = "gnu++20";
				CLANG_ENABLE_MODULES = YES;
				CLANG_ENABLE_OBJC_ARC = YES;
				CLANG_ENABLE_OBJC_WEAK = YES;
				CLANG_WARN_BLOCK_CAPTURE_AUTORELEASING = YES;
				CLANG_WARN_BOOL_CONVERSION = YES;
				CLANG_WARN_COMMA = YES;
				CLANG_WARN_CONSTANT_CONVERSION = YES;
				CLANG_WARN_DEPRECATED_OBJC_IMPLEMENTATIONS = YES;
				CLANG_WARN_DIRECT_OBJC_ISA_USAGE = YES_ERROR;
				CLANG_WARN_DOCUMENTATION_COMMENTS = YES;
				CLANG_WARN_EMPTY_BODY = YES;
				CLANG_WARN_ENUM_CONVERSION = YES;
				CLANG_WARN_INFINITE_RECURSION = YES;
				CLANG_WARN_INT_CONVERSION = YES;
				CLANG_WARN_NON_LITERAL_NULL_CONVERSION = YES;
				CLANG_WARN_OBJC_IMPLICIT_RETAIN_SELF = YES;
				CLANG_WARN_OBJC_LITERAL_CONVERSION = YES;
				CLANG_WARN_OBJC_ROOT_CLASS = YES_ERROR;
				CLANG_WARN_QUOTED_INCLUDE_IN_FRAMEWORK_HEADER = YES;
				CLANG_WARN_RANGE_LOOP_ANALYSIS = YES;
				CLANG_WARN_STRICT_PROTOTYPES = YES;
				CLANG_WARN_SUSPICIOUS_MOVE = YES;
				CLANG_WARN_UNGUARDED_AVAILABILITY = YES_AGGRESSIVE;
				CLANG_WARN_UNREACHABLE_CODE = YES;
				CLANG_WARN__DUPLICATE_METHOD_MATCH = YES;
				COPY_PHASE_STRIP = NO;
				DEBUG_INFORMATION_FORMAT = dwarf;
				ENABLE_STRICT_OBJC_MSGSEND = YES;
				ENABLE_TESTABILITY = YES;
				GCC_C_LANGUAGE_STANDARD = gnu11;
				GCC_DYNAMIC_NO_PIC = NO;
				GCC_NO_COMMON_BLOCKS = YES;
				GCC_OPTIMIZATION_LEVEL = 0;
				GCC_PREPROCESSOR_DEFINITIONS = (
					"DEBUG=1",
					"$(inherited)",
				);
				GCC_WARN_64_TO_32_BIT_CONVERSION = YES;
				GCC_WARN_ABOUT_RETURN_TYPE = YES_ERROR;
				GCC_WARN_UNDECLARED_SELECTOR = YES;
				GCC_WARN_UNINITIALIZED_AUTOS = YES_AGGRESSIVE;
				GCC_WARN_UNUSED_FUNCTION = YES;
				GCC_WARN_UNUSED_VARIABLE = YES;
				MACOSX_DEPLOYMENT_TARGET = 13.2;
				MTL_ENABLE_DEBUG_INFO = INCLUDE_SOURCE;
				MTL_FAST_MATH = YES;
				ONLY_ACTIVE_ARCH = YES;
				SDKROOT = macosx;
			};
			name = Debug;
		};
		94E676A629DD39760083EFA0 /* Release */ = {
			isa = XCBuildConfiguration;
			buildSettings = {
				ALWAYS_SEARCH_USER_PATHS = NO;
				CLANG_ANALYZER_NONNULL = YES;
				CLANG_ANALYZER_NUMBER_OBJECT_CONVERSION = YES_AGGRESSIVE;
				CLANG_CXX_LANGUAGE_STANDARD = "gnu++20";
				CLANG_ENABLE_MODULES = YES;
				CLANG_ENABLE_OBJC_ARC = YES;
				CLANG_ENABLE_OBJC_WEAK = YES;
				CLANG_WARN_BLOCK_CAPTURE_AUTORELEASING = YES;
				CLANG_WARN_BOOL_CONVERSION = YES;
				CLANG_WARN_COMMA = YES;
				CLANG_WARN_CONSTANT_CONVERSION = YES;
				CLANG_WARN_DEPRECATED_OBJC_IMPLEMENTATIONS = YES;
				CLANG_WARN_DIRECT_OBJC_ISA_USAGE = YES_ERROR;
				CLANG_WARN_DOCUMENTATION_COMMENTS = YES;
				CLANG_WARN_EMPTY_BODY = YES;
				CLANG_WARN_ENUM_CONVERSION = YES;
				CLANG_WARN_INFINITE_RECURSION = YES;
				CLANG_WARN_INT_CONVERSION = YES;
				CLANG_WARN_NON_LITERAL_NULL_CONVERSION = YES;
				CLANG_WARN_OBJC_IMPLICIT_RETAIN_SELF = YES;
				CLANG_WARN_OBJC_LITERAL_CONVERSION = YES;
				CLANG_WARN_OBJC_ROOT_CLASS = YES_ERROR;
				CLANG_WARN_QUOTED_INCLUDE_IN_FRAMEWORK_HEADER = YES;
				CLANG_WARN_RANGE_LOOP_ANALYSIS = YES;
				CLANG_WARN_STRICT_PROTOTYPES = YES;
				CLANG_WARN_SUSPICIOUS_MOVE = YES;
				CLANG_WARN_UNGUARDED_AVAILABILITY = YES_AGGRESSIVE;
				CLANG_WARN_UNREACHABLE_CODE = YES;
				CLANG_WARN__DUPLICATE_METHOD_MATCH = YES;
				COPY_PHASE_STRIP = NO;
				DEBUG_INFORMATION_FORMAT = "dwarf-with-dsym";
				ENABLE_NS_ASSERTIONS = NO;
				ENABLE_STRICT_OBJC_MSGSEND = YES;
				GCC_C_LANGUAGE_STANDARD = gnu11;
				GCC_NO_COMMON_BLOCKS = YES;
				GCC_WARN_64_TO_32_BIT_CONVERSION = YES;
				GCC_WARN_ABOUT_RETURN_TYPE = YES_ERROR;
				GCC_WARN_UNDECLARED_SELECTOR = YES;
				GCC_WARN_UNINITIALIZED_AUTOS = YES_AGGRESSIVE;
				GCC_WARN_UNUSED_FUNCTION = YES;
				GCC_WARN_UNUSED_VARIABLE = YES;
				MACOSX_DEPLOYMENT_TARGET = 13.2;
				MTL_ENABLE_DEBUG_INFO = NO;
				MTL_FAST_MATH = YES;
				SDKROOT = macosx;
			};
			name = Release;
		};
		94E676A829DD39760083EFA0 /* Debug */ = {
			isa = XCBuildConfiguration;
			buildSettings = {
				CODE_SIGN_STYLE = Automatic;
				FRAMEWORK_SEARCH_PATHS = (
					"$(inherited)",
					"$(LOCAL_LIBRARY_DIR)/Frameworks",
				);
				PRODUCT_NAME = "$(TARGET_NAME)";
			};
			name = Debug;
		};
		94E676A929DD39760083EFA0 /* Release */ = {
			isa = XCBuildConfiguration;
			buildSettings = {
				CODE_SIGN_STYLE = Automatic;
				FRAMEWORK_SEARCH_PATHS = (
					"$(inherited)",
					"$(LOCAL_LIBRARY_DIR)/Frameworks",
				);
				PRODUCT_NAME = "$(TARGET_NAME)";
			};
			name = Release;
		};
/* End XCBuildConfiguration section */

/* Begin XCConfigurationList section */
		94E6769B29DD39750083EFA0 /* Build configuration list for PBXProject "UmiharaKawaseRopePhysics" */ = {
			isa = XCConfigurationList;
			buildConfigurations = (
				94E676A529DD39760083EFA0 /* Debug */,
				94E676A629DD39760083EFA0 /* Release */,
			);
			defaultConfigurationIsVisible = 0;
			defaultConfigurationName = Release;
		};
		94E676A729DD39760083EFA0 /* Build configuration list for PBXNativeTarget "UmiharaKawaseRopePhysics" */ = {
			isa = XCConfigurationList;
			buildConfigurations = (
				94E676A829DD39760083EFA0 /* Debug */,
				94E676A929DD39760083EFA0 /* Release */,
			);
			defaultConfigurationIsVisible = 0;
			defaultConfigurationName = Release;
		};
/* End XCConfigurationList section */
	};
	rootObject = 94E6769829DD39750083EFA0 /* Project object */;
}
